
Microsoft Visual Studio Solution File, Format Version 12.00
# Visual Studio 2013
Project("{FAE04EC0-301F-11D3-BF4B-00C04F79EFBC}") = "80分.CSharp.Plugins", "80分.CSharp.Plugins.csproj", "{F20184F8-E253-760D-B98B-DAA112B07FCA}"
EndProject
Project("{FAE04EC0-301F-11D3-BF4B-00C04F79EFBC}") = "80分.CSharp", "80分.CSharp.csproj", "{6AD3D5E3-82D0-F5AF-A8FB-5385BD6EEEB7}"
EndProject
Global
	GlobalSection(SolutionConfigurationPlatforms) = preSolution
		Debug|Any CPU = Debug|Any CPU
		Release|Any CPU = Release|Any CPU
	EndGlobalSection
	GlobalSection(ProjectConfigurationPlatforms) = postSolution
		{F20184F8-E253-760D-B98B-DAA112B07FCA}.Debug|Any CPU.ActiveCfg = Debug|Any CPU
		{F20184F8-E253-760D-B98B-DAA112B07FCA}.Debug|Any CPU.Build.0 = Debug|Any CPU
		{F20184F8-E253-760D-B98B-DAA112B07FCA}.Release|Any CPU.ActiveCfg = Release|Any CPU
		{F20184F8-E253-760D-B98B-DAA112B07FCA}.Release|Any CPU.Build.0 = Release|Any CPU
		{6AD3D5E3-82D0-F5AF-A8FB-5385BD6EEEB7}.Debug|Any CPU.ActiveCfg = Debug|Any CPU
		{6AD3D5E3-82D0-F5AF-A8FB-5385BD6EEEB7}.Debug|Any CPU.Build.0 = Debug|Any CPU
		{6AD3D5E3-82D0-F5AF-A8FB-5385BD6EEEB7}.Release|Any CPU.ActiveCfg = Release|Any CPU
		{6AD3D5E3-82D0-F5AF-A8FB-5385BD6EEEB7}.Release|Any CPU.Build.0 = Release|Any CPU
	EndGlobalSection
	GlobalSection(SolutionProperties) = preSolution
		HideSolutionNode = FALSE
	EndGlobalSection
EndGlobal
